// !$*UTF8*$!
{
	archiveVersion = 1;
	classes = {
	};
	objectVersion = 55;
	objects = {

/* Begin PBXBuildFile section */
		EF2CDD4926FD3B6B00F26B92 /* TouchdownApp.swift in Sources */ = {isa = PBXBuildFile; fileRef = EF2CDD4826FD3B6B00F26B92 /* TouchdownApp.swift */; };
		EF2CDD4B26FD3B6B00F26B92 /* ContentView.swift in Sources */ = {isa = PBXBuildFile; fileRef = EF2CDD4A26FD3B6B00F26B92 /* ContentView.swift */; };
		EF2CDD4D26FD3B6D00F26B92 /* Assets.xcassets in Resources */ = {isa = PBXBuildFile; fileRef = EF2CDD4C26FD3B6D00F26B92 /* Assets.xcassets */; };
		EF2CDD5026FD3B6D00F26B92 /* Preview Assets.xcassets in Resources */ = {isa = PBXBuildFile; fileRef = EF2CDD4F26FD3B6D00F26B92 /* Preview Assets.xcassets */; };
		EF2CDD5A26FD3C8200F26B92 /* category.json in Resources */ = {isa = PBXBuildFile; fileRef = EF2CDD5626FD3C8200F26B92 /* category.json */; };
		EF2CDD5B26FD3C8200F26B92 /* player.json in Resources */ = {isa = PBXBuildFile; fileRef = EF2CDD5726FD3C8200F26B92 /* player.json */; };
		EF2CDD5C26FD3C8200F26B92 /* product.json in Resources */ = {isa = PBXBuildFile; fileRef = EF2CDD5826FD3C8200F26B92 /* product.json */; };
		EF2CDD5D26FD3C8200F26B92 /* brand.json in Resources */ = {isa = PBXBuildFile; fileRef = EF2CDD5926FD3C8200F26B92 /* brand.json */; };
		EF2CDD6826FD3F7100F26B92 /* Constant.swift in Sources */ = {isa = PBXBuildFile; fileRef = EF2CDD6726FD3F7100F26B92 /* Constant.swift */; };
		EF2CDD6A26FD411500F26B92 /* FooterView.swift in Sources */ = {isa = PBXBuildFile; fileRef = EF2CDD6926FD411500F26B92 /* FooterView.swift */; };
		EF2CDD6C26FD482500F26B92 /* NavigationBarView.swift in Sources */ = {isa = PBXBuildFile; fileRef = EF2CDD6B26FD482500F26B92 /* NavigationBarView.swift */; };
		EF2CDD6E26FD4B2400F26B92 /* LogoView.swift in Sources */ = {isa = PBXBuildFile; fileRef = EF2CDD6D26FD4B2400F26B92 /* LogoView.swift */; };
		EF2CDD7026FD52F900F26B92 /* PlayerModel.swift in Sources */ = {isa = PBXBuildFile; fileRef = EF2CDD6F26FD52F900F26B92 /* PlayerModel.swift */; };
		EF2CDD7226FD537900F26B92 /* CodableBundleExtension.swift in Sources */ = {isa = PBXBuildFile; fileRef = EF2CDD7126FD537900F26B92 /* CodableBundleExtension.swift */; };
		EF2CDD7426FD555200F26B92 /* FeaturedItemView.swift in Sources */ = {isa = PBXBuildFile; fileRef = EF2CDD7326FD555200F26B92 /* FeaturedItemView.swift */; };
		EF2CDD7626FD5F8300F26B92 /* FeaturedTabView.swift in Sources */ = {isa = PBXBuildFile; fileRef = EF2CDD7526FD5F8300F26B92 /* FeaturedTabView.swift */; };
		EF2CDD7826FD666F00F26B92 /* CategoryModel.swift in Sources */ = {isa = PBXBuildFile; fileRef = EF2CDD7726FD666F00F26B92 /* CategoryModel.swift */; };
		EF2CDD7A26FD6A2700F26B92 /* CategoryItemView.swift in Sources */ = {isa = PBXBuildFile; fileRef = EF2CDD7926FD6A2700F26B92 /* CategoryItemView.swift */; };
		EF2CDD7C26FD6FA400F26B92 /* CategoryGridView.swift in Sources */ = {isa = PBXBuildFile; fileRef = EF2CDD7B26FD6FA400F26B92 /* CategoryGridView.swift */; };
		EF2CDD7E26FD753500F26B92 /* SectionView.swift in Sources */ = {isa = PBXBuildFile; fileRef = EF2CDD7D26FD753500F26B92 /* SectionView.swift */; };
		EF2CDD8026FD79C000F26B92 /* TitleView.swift in Sources */ = {isa = PBXBuildFile; fileRef = EF2CDD7F26FD79C000F26B92 /* TitleView.swift */; };
		EF2CDD8226FD801F00F26B92 /* ProductModel.swift in Sources */ = {isa = PBXBuildFile; fileRef = EF2CDD8126FD801F00F26B92 /* ProductModel.swift */; };
		EF2CDD8426FD814900F26B92 /* ProductItemView.swift in Sources */ = {isa = PBXBuildFile; fileRef = EF2CDD8326FD814900F26B92 /* ProductItemView.swift */; };
		EF2CDD862701338000F26B92 /* BrandModel.swift in Sources */ = {isa = PBXBuildFile; fileRef = EF2CDD852701338000F26B92 /* BrandModel.swift */; };
		EF2CDD88270133F600F26B92 /* BrandItemView.swift in Sources */ = {isa = PBXBuildFile; fileRef = EF2CDD87270133F600F26B92 /* BrandItemView.swift */; };
		EF2CDD8A2701361000F26B92 /* BrandGridView.swift in Sources */ = {isa = PBXBuildFile; fileRef = EF2CDD892701361000F26B92 /* BrandGridView.swift */; };
		EF2CDD8C2701397500F26B92 /* ProductDetailView.swift in Sources */ = {isa = PBXBuildFile; fileRef = EF2CDD8B2701397500F26B92 /* ProductDetailView.swift */; };
		EF2CDD8E27013BEB00F26B92 /* NavigationBarDetailView.swift in Sources */ = {isa = PBXBuildFile; fileRef = EF2CDD8D27013BEB00F26B92 /* NavigationBarDetailView.swift */; };
		EF2CDD9027013ED500F26B92 /* HeaderDetailView.swift in Sources */ = {isa = PBXBuildFile; fileRef = EF2CDD8F27013ED500F26B92 /* HeaderDetailView.swift */; };
		EF2CDD922701407700F26B92 /* TopPartDetailView.swift in Sources */ = {isa = PBXBuildFile; fileRef = EF2CDD912701407700F26B92 /* TopPartDetailView.swift */; };
		EF2CDD942701506500F26B92 /* CustomShape.swift in Sources */ = {isa = PBXBuildFile; fileRef = EF2CDD932701506500F26B92 /* CustomShape.swift */; };
		EF2CDD962701535300F26B92 /* RatingSizesDetailView.swift in Sources */ = {isa = PBXBuildFile; fileRef = EF2CDD952701535300F26B92 /* RatingSizesDetailView.swift */; };
		EF2CDD98270160C300F26B92 /* QuantityFavouriteDetailView.swift in Sources */ = {isa = PBXBuildFile; fileRef = EF2CDD97270160C300F26B92 /* QuantityFavouriteDetailView.swift */; };
		EF2CDD9A27016B4C00F26B92 /* AddToCartDetailView.swift in Sources */ = {isa = PBXBuildFile; fileRef = EF2CDD9927016B4C00F26B92 /* AddToCartDetailView.swift */; };
		EF2CDD9C27016DAD00F26B92 /* Shop.swift in Sources */ = {isa = PBXBuildFile; fileRef = EF2CDD9B27016DAD00F26B92 /* Shop.swift */; };
/* End PBXBuildFile section */

/* Begin PBXFileReference section */
		EF2CDD4526FD3B6B00F26B92 /* Touchdown.app */ = {isa = PBXFileReference; explicitFileType = wrapper.application; includeInIndex = 0; path = Touchdown.app; sourceTree = BUILT_PRODUCTS_DIR; };
		EF2CDD4826FD3B6B00F26B92 /* TouchdownApp.swift */ = {isa = PBXFileReference; lastKnownFileType = sourcecode.swift; path = TouchdownApp.swift; sourceTree = "<group>"; };
		EF2CDD4A26FD3B6B00F26B92 /* ContentView.swift */ = {isa = PBXFileReference; lastKnownFileType = sourcecode.swift; path = ContentView.swift; sourceTree = "<group>"; };
		EF2CDD4C26FD3B6D00F26B92 /* Assets.xcassets */ = {isa = PBXFileReference; lastKnownFileType = folder.assetcatalog; path = Assets.xcassets; sourceTree = "<group>"; };
		EF2CDD4F26FD3B6D00F26B92 /* Preview Assets.xcassets */ = {isa = PBXFileReference; lastKnownFileType = folder.assetcatalog; path = "Preview Assets.xcassets"; sourceTree = "<group>"; };
		EF2CDD5626FD3C8200F26B92 /* category.json */ = {isa = PBXFileReference; fileEncoding = 4; lastKnownFileType = text.json; path = category.json; sourceTree = "<group>"; };
		EF2CDD5726FD3C8200F26B92 /* player.json */ = {isa = PBXFileReference; fileEncoding = 4; lastKnownFileType = text.json; path = player.json; sourceTree = "<group>"; };
		EF2CDD5826FD3C8200F26B92 /* product.json */ = {isa = PBXFileReference; fileEncoding = 4; lastKnownFileType = text.json; path = product.json; sourceTree = "<group>"; };
		EF2CDD5926FD3C8200F26B92 /* brand.json */ = {isa = PBXFileReference; fileEncoding = 4; lastKnownFileType = text.json; path = brand.json; sourceTree = "<group>"; };
		EF2CDD5F26FD3D0400F26B92 /* Info.plist */ = {isa = PBXFileReference; lastKnownFileType = text.plist; path = Info.plist; sourceTree = "<group>"; };
		EF2CDD6726FD3F7100F26B92 /* Constant.swift */ = {isa = PBXFileReference; lastKnownFileType = sourcecode.swift; path = Constant.swift; sourceTree = "<group>"; };
		EF2CDD6926FD411500F26B92 /* FooterView.swift */ = {isa = PBXFileReference; lastKnownFileType = sourcecode.swift; path = FooterView.swift; sourceTree = "<group>"; };
		EF2CDD6B26FD482500F26B92 /* NavigationBarView.swift */ = {isa = PBXFileReference; lastKnownFileType = sourcecode.swift; path = NavigationBarView.swift; sourceTree = "<group>"; };
		EF2CDD6D26FD4B2400F26B92 /* LogoView.swift */ = {isa = PBXFileReference; lastKnownFileType = sourcecode.swift; path = LogoView.swift; sourceTree = "<group>"; };
		EF2CDD6F26FD52F900F26B92 /* PlayerModel.swift */ = {isa = PBXFileReference; lastKnownFileType = sourcecode.swift; path = PlayerModel.swift; sourceTree = "<group>"; };
		EF2CDD7126FD537900F26B92 /* CodableBundleExtension.swift */ = {isa = PBXFileReference; lastKnownFileType = sourcecode.swift; path = CodableBundleExtension.swift; sourceTree = "<group>"; };
		EF2CDD7326FD555200F26B92 /* FeaturedItemView.swift */ = {isa = PBXFileReference; lastKnownFileType = sourcecode.swift; path = FeaturedItemView.swift; sourceTree = "<group>"; };
		EF2CDD7526FD5F8300F26B92 /* FeaturedTabView.swift */ = {isa = PBXFileReference; lastKnownFileType = sourcecode.swift; path = FeaturedTabView.swift; sourceTree = "<group>"; };
		EF2CDD7726FD666F00F26B92 /* CategoryModel.swift */ = {isa = PBXFileReference; lastKnownFileType = sourcecode.swift; path = CategoryModel.swift; sourceTree = "<group>"; };
		EF2CDD7926FD6A2700F26B92 /* CategoryItemView.swift */ = {isa = PBXFileReference; lastKnownFileType = sourcecode.swift; path = CategoryItemView.swift; sourceTree = "<group>"; };
		EF2CDD7B26FD6FA400F26B92 /* CategoryGridView.swift */ = {isa = PBXFileReference; lastKnownFileType = sourcecode.swift; path = CategoryGridView.swift; sourceTree = "<group>"; };
		EF2CDD7D26FD753500F26B92 /* SectionView.swift */ = {isa = PBXFileReference; lastKnownFileType = sourcecode.swift; path = SectionView.swift; sourceTree = "<group>"; };
		EF2CDD7F26FD79C000F26B92 /* TitleView.swift */ = {isa = PBXFileReference; lastKnownFileType = sourcecode.swift; path = TitleView.swift; sourceTree = "<group>"; };
		EF2CDD8126FD801F00F26B92 /* ProductModel.swift */ = {isa = PBXFileReference; lastKnownFileType = sourcecode.swift; path = ProductModel.swift; sourceTree = "<group>"; };
		EF2CDD8326FD814900F26B92 /* ProductItemView.swift */ = {isa = PBXFileReference; lastKnownFileType = sourcecode.swift; path = ProductItemView.swift; sourceTree = "<group>"; };
		EF2CDD852701338000F26B92 /* BrandModel.swift */ = {isa = PBXFileReference; lastKnownFileType = sourcecode.swift; path = BrandModel.swift; sourceTree = "<group>"; };
		EF2CDD87270133F600F26B92 /* BrandItemView.swift */ = {isa = PBXFileReference; lastKnownFileType = sourcecode.swift; path = BrandItemView.swift; sourceTree = "<group>"; };
		EF2CDD892701361000F26B92 /* BrandGridView.swift */ = {isa = PBXFileReference; lastKnownFileType = sourcecode.swift; path = BrandGridView.swift; sourceTree = "<group>"; };
		EF2CDD8B2701397500F26B92 /* ProductDetailView.swift */ = {isa = PBXFileReference; lastKnownFileType = sourcecode.swift; path = ProductDetailView.swift; sourceTree = "<group>"; };
		EF2CDD8D27013BEB00F26B92 /* NavigationBarDetailView.swift */ = {isa = PBXFileReference; lastKnownFileType = sourcecode.swift; path = NavigationBarDetailView.swift; sourceTree = "<group>"; };
		EF2CDD8F27013ED500F26B92 /* HeaderDetailView.swift */ = {isa = PBXFileReference; lastKnownFileType = sourcecode.swift; path = HeaderDetailView.swift; sourceTree = "<group>"; };
		EF2CDD912701407700F26B92 /* TopPartDetailView.swift */ = {isa = PBXFileReference; lastKnownFileType = sourcecode.swift; path = TopPartDetailView.swift; sourceTree = "<group>"; };
		EF2CDD932701506500F26B92 /* CustomShape.swift */ = {isa = PBXFileReference; lastKnownFileType = sourcecode.swift; path = CustomShape.swift; sourceTree = "<group>"; };
		EF2CDD952701535300F26B92 /* RatingSizesDetailView.swift */ = {isa = PBXFileReference; lastKnownFileType = sourcecode.swift; path = RatingSizesDetailView.swift; sourceTree = "<group>"; };
		EF2CDD97270160C300F26B92 /* QuantityFavouriteDetailView.swift */ = {isa = PBXFileReference; lastKnownFileType = sourcecode.swift; path = QuantityFavouriteDetailView.swift; sourceTree = "<group>"; };
		EF2CDD9927016B4C00F26B92 /* AddToCartDetailView.swift */ = {isa = PBXFileReference; lastKnownFileType = sourcecode.swift; path = AddToCartDetailView.swift; sourceTree = "<group>"; };
		EF2CDD9B27016DAD00F26B92 /* Shop.swift */ = {isa = PBXFileReference; lastKnownFileType = sourcecode.swift; path = Shop.swift; sourceTree = "<group>"; };
/* End PBXFileReference section */

/* Begin PBXFrameworksBuildPhase section */
		EF2CDD4226FD3B6B00F26B92 /* Frameworks */ = {
			isa = PBXFrameworksBuildPhase;
			buildActionMask = 2147483647;
			files = (
			);
			runOnlyForDeploymentPostprocessing = 0;
		};
/* End PBXFrameworksBuildPhase section */

/* Begin PBXGroup section */
		EF2CDD3C26FD3B6B00F26B92 = {
			isa = PBXGroup;
			children = (
				EF2CDD4726FD3B6B00F26B92 /* Touchdown */,
				EF2CDD4626FD3B6B00F26B92 /* Products */,
			);
			sourceTree = "<group>";
		};
		EF2CDD4626FD3B6B00F26B92 /* Products */ = {
			isa = PBXGroup;
			children = (
				EF2CDD4526FD3B6B00F26B92 /* Touchdown.app */,
			);
			name = Products;
			sourceTree = "<group>";
		};
		EF2CDD4726FD3B6B00F26B92 /* Touchdown */ = {
			isa = PBXGroup;
			children = (
				EF2CDD5E26FD3CA600F26B92 /* Data */,
				EF2CDD6026FD3EB200F26B92 /* App */,
				EF2CDD6626FD3F2600F26B92 /* Utility */,
				EF2CDD6526FD3F1B00F26B92 /* Extension */,
				EF2CDD6426FD3F1100F26B92 /* Model */,
				EF2CDD6126FD3ECC00F26B92 /* View */,
				EF2CDD5F26FD3D0400F26B92 /* Info.plist */,
				EF2CDD4C26FD3B6D00F26B92 /* Assets.xcassets */,
				EF2CDD4E26FD3B6D00F26B92 /* Preview Content */,
			);
			path = Touchdown;
			sourceTree = "<group>";
		};
		EF2CDD4E26FD3B6D00F26B92 /* Preview Content */ = {
			isa = PBXGroup;
			children = (
				EF2CDD4F26FD3B6D00F26B92 /* Preview Assets.xcassets */,
			);
			path = "Preview Content";
			sourceTree = "<group>";
		};
		EF2CDD5E26FD3CA600F26B92 /* Data */ = {
			isa = PBXGroup;
			children = (
				EF2CDD5926FD3C8200F26B92 /* brand.json */,
				EF2CDD5626FD3C8200F26B92 /* category.json */,
				EF2CDD5726FD3C8200F26B92 /* player.json */,
				EF2CDD5826FD3C8200F26B92 /* product.json */,
			);
			path = Data;
			sourceTree = "<group>";
		};
		EF2CDD6026FD3EB200F26B92 /* App */ = {
			isa = PBXGroup;
			children = (
				EF2CDD4826FD3B6B00F26B92 /* TouchdownApp.swift */,
				EF2CDD4A26FD3B6B00F26B92 /* ContentView.swift */,
				EF2CDD8B2701397500F26B92 /* ProductDetailView.swift */,
			);
			path = App;
			sourceTree = "<group>";
		};
		EF2CDD6126FD3ECC00F26B92 /* View */ = {
			isa = PBXGroup;
			children = (
				EF2CDD6326FD3F0400F26B92 /* Home */,
				EF2CDD6226FD3EF900F26B92 /* Detail */,
			);
			path = View;
			sourceTree = "<group>";
		};
		EF2CDD6226FD3EF900F26B92 /* Detail */ = {
			isa = PBXGroup;
			children = (
				EF2CDD8F27013ED500F26B92 /* HeaderDetailView.swift */,
				EF2CDD8D27013BEB00F26B92 /* NavigationBarDetailView.swift */,
				EF2CDD912701407700F26B92 /* TopPartDetailView.swift */,
				EF2CDD952701535300F26B92 /* RatingSizesDetailView.swift */,
				EF2CDD97270160C300F26B92 /* QuantityFavouriteDetailView.swift */,
				EF2CDD9927016B4C00F26B92 /* AddToCartDetailView.swift */,
			);
			path = Detail;
			sourceTree = "<group>";
		};
		EF2CDD6326FD3F0400F26B92 /* Home */ = {
			isa = PBXGroup;
			children = (
				EF2CDD6926FD411500F26B92 /* FooterView.swift */,
				EF2CDD6B26FD482500F26B92 /* NavigationBarView.swift */,
				EF2CDD6D26FD4B2400F26B92 /* LogoView.swift */,
				EF2CDD7326FD555200F26B92 /* FeaturedItemView.swift */,
				EF2CDD7526FD5F8300F26B92 /* FeaturedTabView.swift */,
				EF2CDD7926FD6A2700F26B92 /* CategoryItemView.swift */,
				EF2CDD7B26FD6FA400F26B92 /* CategoryGridView.swift */,
				EF2CDD7D26FD753500F26B92 /* SectionView.swift */,
				EF2CDD7F26FD79C000F26B92 /* TitleView.swift */,
				EF2CDD8326FD814900F26B92 /* ProductItemView.swift */,
				EF2CDD87270133F600F26B92 /* BrandItemView.swift */,
				EF2CDD892701361000F26B92 /* BrandGridView.swift */,
			);
			path = Home;
			sourceTree = "<group>";
		};
		EF2CDD6426FD3F1100F26B92 /* Model */ = {
			isa = PBXGroup;
			children = (
				EF2CDD6F26FD52F900F26B92 /* PlayerModel.swift */,
				EF2CDD7726FD666F00F26B92 /* CategoryModel.swift */,
				EF2CDD8126FD801F00F26B92 /* ProductModel.swift */,
				EF2CDD852701338000F26B92 /* BrandModel.swift */,
			);
			path = Model;
			sourceTree = "<group>";
		};
		EF2CDD6526FD3F1B00F26B92 /* Extension */ = {
			isa = PBXGroup;
			children = (
				EF2CDD7126FD537900F26B92 /* CodableBundleExtension.swift */,
			);
			path = Extension;
			sourceTree = "<group>";
		};
		EF2CDD6626FD3F2600F26B92 /* Utility */ = {
			isa = PBXGroup;
			children = (
				EF2CDD6726FD3F7100F26B92 /* Constant.swift */,
				EF2CDD932701506500F26B92 /* CustomShape.swift */,
				EF2CDD9B27016DAD00F26B92 /* Shop.swift */,
			);
			path = Utility;
			sourceTree = "<group>";
		};
/* End PBXGroup section */

/* Begin PBXNativeTarget section */
		EF2CDD4426FD3B6B00F26B92 /* Touchdown */ = {
			isa = PBXNativeTarget;
			buildConfigurationList = EF2CDD5326FD3B6D00F26B92 /* Build configuration list for PBXNativeTarget "Touchdown" */;
			buildPhases = (
				EF2CDD4126FD3B6B00F26B92 /* Sources */,
				EF2CDD4226FD3B6B00F26B92 /* Frameworks */,
				EF2CDD4326FD3B6B00F26B92 /* Resources */,
			);
			buildRules = (
			);
			dependencies = (
			);
			name = Touchdown;
			productName = Touchdown;
			productReference = EF2CDD4526FD3B6B00F26B92 /* Touchdown.app */;
			productType = "com.apple.product-type.application";
		};
/* End PBXNativeTarget section */

/* Begin PBXProject section */
		EF2CDD3D26FD3B6B00F26B92 /* Project object */ = {
			isa = PBXProject;
			attributes = {
				BuildIndependentTargetsInParallel = 1;
				LastSwiftUpdateCheck = 1300;
				LastUpgradeCheck = 1300;
				TargetAttributes = {
					EF2CDD4426FD3B6B00F26B92 = {
						CreatedOnToolsVersion = 13.0;
					};
				};
			};
			buildConfigurationList = EF2CDD4026FD3B6B00F26B92 /* Build configuration list for PBXProject "Touchdown" */;
			compatibilityVersion = "Xcode 13.0";
			developmentRegion = en;
			hasScannedForEncodings = 0;
			knownRegions = (
				en,
				Base,
			);
			mainGroup = EF2CDD3C26FD3B6B00F26B92;
			productRefGroup = EF2CDD4626FD3B6B00F26B92 /* Products */;
			projectDirPath = "";
			projectRoot = "";
			targets = (
				EF2CDD4426FD3B6B00F26B92 /* Touchdown */,
			);
		};
/* End PBXProject section */

/* Begin PBXResourcesBuildPhase section */
		EF2CDD4326FD3B6B00F26B92 /* Resources */ = {
			isa = PBXResourcesBuildPhase;
			buildActionMask = 2147483647;
			files = (
				EF2CDD5B26FD3C8200F26B92 /* player.json in Resources */,
				EF2CDD5A26FD3C8200F26B92 /* category.json in Resources */,
				EF2CDD5026FD3B6D00F26B92 /* Preview Assets.xcassets in Resources */,
				EF2CDD4D26FD3B6D00F26B92 /* Assets.xcassets in Resources */,
				EF2CDD5C26FD3C8200F26B92 /* product.json in Resources */,
				EF2CDD5D26FD3C8200F26B92 /* brand.json in Resources */,
			);
			runOnlyForDeploymentPostprocessing = 0;
		};
/* End PBXResourcesBuildPhase section */

/* Begin PBXSourcesBuildPhase section */
		EF2CDD4126FD3B6B00F26B92 /* Sources */ = {
			isa = PBXSourcesBuildPhase;
			buildActionMask = 2147483647;
			files = (
				EF2CDD7226FD537900F26B92 /* CodableBundleExtension.swift in Sources */,
				EF2CDD9027013ED500F26B92 /* HeaderDetailView.swift in Sources */,
				EF2CDD922701407700F26B92 /* TopPartDetailView.swift in Sources */,
				EF2CDD4B26FD3B6B00F26B92 /* ContentView.swift in Sources */,
				EF2CDD6E26FD4B2400F26B92 /* LogoView.swift in Sources */,
				EF2CDD6A26FD411500F26B92 /* FooterView.swift in Sources */,
				EF2CDD7426FD555200F26B92 /* FeaturedItemView.swift in Sources */,
				EF2CDD8426FD814900F26B92 /* ProductItemView.swift in Sources */,
				EF2CDD9A27016B4C00F26B92 /* AddToCartDetailView.swift in Sources */,
				EF2CDD8A2701361000F26B92 /* BrandGridView.swift in Sources */,
				EF2CDD4926FD3B6B00F26B92 /* TouchdownApp.swift in Sources */,
				EF2CDD8C2701397500F26B92 /* ProductDetailView.swift in Sources */,
				EF2CDD8E27013BEB00F26B92 /* NavigationBarDetailView.swift in Sources */,
				EF2CDD6826FD3F7100F26B92 /* Constant.swift in Sources */,
				EF2CDD7C26FD6FA400F26B92 /* CategoryGridView.swift in Sources */,
				EF2CDD7826FD666F00F26B92 /* CategoryModel.swift in Sources */,
				EF2CDD6C26FD482500F26B92 /* NavigationBarView.swift in Sources */,
				EF2CDD7E26FD753500F26B92 /* SectionView.swift in Sources */,
				EF2CDD88270133F600F26B92 /* BrandItemView.swift in Sources */,
				EF2CDD7A26FD6A2700F26B92 /* CategoryItemView.swift in Sources */,
				EF2CDD962701535300F26B92 /* RatingSizesDetailView.swift in Sources */,
				EF2CDD7626FD5F8300F26B92 /* FeaturedTabView.swift in Sources */,
				EF2CDD942701506500F26B92 /* CustomShape.swift in Sources */,
				EF2CDD7026FD52F900F26B92 /* PlayerModel.swift in Sources */,
				EF2CDD9C27016DAD00F26B92 /* Shop.swift in Sources */,
				EF2CDD862701338000F26B92 /* BrandModel.swift in Sources */,
				EF2CDD8026FD79C000F26B92 /* TitleView.swift in Sources */,
				EF2CDD98270160C300F26B92 /* QuantityFavouriteDetailView.swift in Sources */,
				EF2CDD8226FD801F00F26B92 /* ProductModel.swift in Sources */,
			);
			runOnlyForDeploymentPostprocessing = 0;
		};
/* End PBXSourcesBuildPhase section */

/* Begin XCBuildConfiguration section */
		EF2CDD5126FD3B6D00F26B92 /* Debug */ = {
			isa = XCBuildConfiguration;
			buildSettings = {
				ALWAYS_SEARCH_USER_PATHS = NO;
				CLANG_ANALYZER_NONNULL = YES;
				CLANG_ANALYZER_NUMBER_OBJECT_CONVERSION = YES_AGGRESSIVE;
				CLANG_CXX_LANGUAGE_STANDARD = "gnu++17";
				CLANG_CXX_LIBRARY = "libc++";
				CLANG_ENABLE_MODULES = YES;
				CLANG_ENABLE_OBJC_ARC = YES;
				CLANG_ENABLE_OBJC_WEAK = YES;
				CLANG_WARN_BLOCK_CAPTURE_AUTORELEASING = YES;
				CLANG_WARN_BOOL_CONVERSION = YES;
				CLANG_WARN_COMMA = YES;
				CLANG_WARN_CONSTANT_CONVERSION = YES;
				CLANG_WARN_DEPRECATED_OBJC_IMPLEMENTATIONS = YES;
				CLANG_WARN_DIRECT_OBJC_ISA_USAGE = YES_ERROR;
				CLANG_WARN_DOCUMENTATION_COMMENTS = YES;
				CLANG_WARN_EMPTY_BODY = YES;
				CLANG_WARN_ENUM_CONVERSION = YES;
				CLANG_WARN_INFINITE_RECURSION = YES;
				CLANG_WARN_INT_CONVERSION = YES;
				CLANG_WARN_NON_LITERAL_NULL_CONVERSION = YES;
				CLANG_WARN_OBJC_IMPLICIT_RETAIN_SELF = YES;
				CLANG_WARN_OBJC_LITERAL_CONVERSION = YES;
				CLANG_WARN_OBJC_ROOT_CLASS = YES_ERROR;
				CLANG_WARN_QUOTED_INCLUDE_IN_FRAMEWORK_HEADER = YES;
				CLANG_WARN_RANGE_LOOP_ANALYSIS = YES;
				CLANG_WARN_STRICT_PROTOTYPES = YES;
				CLANG_WARN_SUSPICIOUS_MOVE = YES;
				CLANG_WARN_UNGUARDED_AVAILABILITY = YES_AGGRESSIVE;
				CLANG_WARN_UNREACHABLE_CODE = YES;
				CLANG_WARN__DUPLICATE_METHOD_MATCH = YES;
				COPY_PHASE_STRIP = NO;
				DEBUG_INFORMATION_FORMAT = dwarf;
				ENABLE_STRICT_OBJC_MSGSEND = YES;
				ENABLE_TESTABILITY = YES;
				GCC_C_LANGUAGE_STANDARD = gnu11;
				GCC_DYNAMIC_NO_PIC = NO;
				GCC_NO_COMMON_BLOCKS = YES;
				GCC_OPTIMIZATION_LEVEL = 0;
				GCC_PREPROCESSOR_DEFINITIONS = (
					"DEBUG=1",
					"$(inherited)",
				);
				GCC_WARN_64_TO_32_BIT_CONVERSION = YES;
				GCC_WARN_ABOUT_RETURN_TYPE = YES_ERROR;
				GCC_WARN_UNDECLARED_SELECTOR = YES;
				GCC_WARN_UNINITIALIZED_AUTOS = YES_AGGRESSIVE;
				GCC_WARN_UNUSED_FUNCTION = YES;
				GCC_WARN_UNUSED_VARIABLE = YES;
				IPHONEOS_DEPLOYMENT_TARGET = 15.0;
				MTL_ENABLE_DEBUG_INFO = INCLUDE_SOURCE;
				MTL_FAST_MATH = YES;
				ONLY_ACTIVE_ARCH = YES;
				SDKROOT = iphoneos;
				SWIFT_ACTIVE_COMPILATION_CONDITIONS = DEBUG;
				SWIFT_OPTIMIZATION_LEVEL = "-Onone";
			};
			name = Debug;
		};
		EF2CDD5226FD3B6D00F26B92 /* Release */ = {
			isa = XCBuildConfiguration;
			buildSettings = {
				ALWAYS_SEARCH_USER_PATHS = NO;
				CLANG_ANALYZER_NONNULL = YES;
				CLANG_ANALYZER_NUMBER_OBJECT_CONVERSION = YES_AGGRESSIVE;
				CLANG_CXX_LANGUAGE_STANDARD = "gnu++17";
				CLANG_CXX_LIBRARY = "libc++";
				CLANG_ENABLE_MODULES = YES;
				CLANG_ENABLE_OBJC_ARC = YES;
				CLANG_ENABLE_OBJC_WEAK = YES;
				CLANG_WARN_BLOCK_CAPTURE_AUTORELEASING = YES;
				CLANG_WARN_BOOL_CONVERSION = YES;
				CLANG_WARN_COMMA = YES;
				CLANG_WARN_CONSTANT_CONVERSION = YES;
				CLANG_WARN_DEPRECATED_OBJC_IMPLEMENTATIONS = YES;
				CLANG_WARN_DIRECT_OBJC_ISA_USAGE = YES_ERROR;
				CLANG_WARN_DOCUMENTATION_COMMENTS = YES;
				CLANG_WARN_EMPTY_BODY = YES;
				CLANG_WARN_ENUM_CONVERSION = YES;
				CLANG_WARN_INFINITE_RECURSION = YES;
				CLANG_WARN_INT_CONVERSION = YES;
				CLANG_WARN_NON_LITERAL_NULL_CONVERSION = YES;
				CLANG_WARN_OBJC_IMPLICIT_RETAIN_SELF = YES;
				CLANG_WARN_OBJC_LITERAL_CONVERSION = YES;
				CLANG_WARN_OBJC_ROOT_CLASS = YES_ERROR;
				CLANG_WARN_QUOTED_INCLUDE_IN_FRAMEWORK_HEADER = YES;
				CLANG_WARN_RANGE_LOOP_ANALYSIS = YES;
				CLANG_WARN_STRICT_PROTOTYPES = YES;
				CLANG_WARN_SUSPICIOUS_MOVE = YES;
				CLANG_WARN_UNGUARDED_AVAILABILITY = YES_AGGRESSIVE;
				CLANG_WARN_UNREACHABLE_CODE = YES;
				CLANG_WARN__DUPLICATE_METHOD_MATCH = YES;
				COPY_PHASE_STRIP = NO;
				DEBUG_INFORMATION_FORMAT = "dwarf-with-dsym";
				ENABLE_NS_ASSERTIONS = NO;
				ENABLE_STRICT_OBJC_MSGSEND = YES;
				GCC_C_LANGUAGE_STANDARD = gnu11;
				GCC_NO_COMMON_BLOCKS = YES;
				GCC_WARN_64_TO_32_BIT_CONVERSION = YES;
				GCC_WARN_ABOUT_RETURN_TYPE = YES_ERROR;
				GCC_WARN_UNDECLARED_SELECTOR = YES;
				GCC_WARN_UNINITIALIZED_AUTOS = YES_AGGRESSIVE;
				GCC_WARN_UNUSED_FUNCTION = YES;
				GCC_WARN_UNUSED_VARIABLE = YES;
				IPHONEOS_DEPLOYMENT_TARGET = 15.0;
				MTL_ENABLE_DEBUG_INFO = NO;
				MTL_FAST_MATH = YES;
				SDKROOT = iphoneos;
				SWIFT_COMPILATION_MODE = wholemodule;
				SWIFT_OPTIMIZATION_LEVEL = "-O";
				VALIDATE_PRODUCT = YES;
			};
			name = Release;
		};
		EF2CDD5426FD3B6D00F26B92 /* Debug */ = {
			isa = XCBuildConfiguration;
			buildSettings = {
				ASSETCATALOG_COMPILER_APPICON_NAME = AppIcon;
				ASSETCATALOG_COMPILER_GLOBAL_ACCENT_COLOR_NAME = AccentColor;
				CODE_SIGN_STYLE = Automatic;
				CURRENT_PROJECT_VERSION = 1;
				DEVELOPMENT_ASSET_PATHS = "\"Touchdown/Preview Content\"";
				DEVELOPMENT_TEAM = 7J27C6KE2Q;
				ENABLE_PREVIEWS = YES;
				GENERATE_INFOPLIST_FILE = YES;
				INFOPLIST_FILE = Touchdown/Info.plist;
				INFOPLIST_KEY_UIApplicationSceneManifest_Generation = YES;
				INFOPLIST_KEY_UIApplicationSupportsIndirectInputEvents = YES;
				INFOPLIST_KEY_UISupportedInterfaceOrientations = UIInterfaceOrientationPortrait;
				INFOPLIST_KEY_UISupportedInterfaceOrientations_iPad = "UIInterfaceOrientationPortrait UIInterfaceOrientationPortraitUpsideDown UIInterfaceOrientationLandscapeLeft UIInterfaceOrientationLandscapeRight";
				INFOPLIST_KEY_UISupportedInterfaceOrientations_iPhone = "UIInterfaceOrientationPortrait UIInterfaceOrientationLandscapeLeft UIInterfaceOrientationLandscapeRight";
				INFOPLIST_KEY_UIUserInterfaceStyle = Light;
				IPHONEOS_DEPLOYMENT_TARGET = 14.0;
				LD_RUNPATH_SEARCH_PATHS = (
					"$(inherited)",
					"@executable_path/Frameworks",
				);
				MARKETING_VERSION = 1.0;
				PRODUCT_BUNDLE_IDENTIFIER = com.ezequielrasgido.Touchdown;
				PRODUCT_NAME = "$(TARGET_NAME)";
				SWIFT_EMIT_LOC_STRINGS = YES;
				SWIFT_VERSION = 5.0;
				TARGETED_DEVICE_FAMILY = "1,2";
			};
			name = Debug;
		};
		EF2CDD5526FD3B6D00F26B92 /* Release */ = {
			isa = XCBuildConfiguration;
			buildSettings = {
				ASSETCATALOG_COMPILER_APPICON_NAME = AppIcon;
				ASSETCATALOG_COMPILER_GLOBAL_ACCENT_COLOR_NAME = AccentColor;
				CODE_SIGN_STYLE = Automatic;
				CURRENT_PROJECT_VERSION = 1;
				DEVELOPMENT_ASSET_PATHS = "\"Touchdown/Preview Content\"";
				DEVELOPMENT_TEAM = 7J27C6KE2Q;
				ENABLE_PREVIEWS = YES;
				GENERATE_INFOPLIST_FILE = YES;
				INFOPLIST_FILE = Touchdown/Info.plist;
				INFOPLIST_KEY_UIApplicationSceneManifest_Generation = YES;
				INFOPLIST_KEY_UIApplicationSupportsIndirectInputEvents = YES;
				INFOPLIST_KEY_UISupportedInterfaceOrientations = UIInterfaceOrientationPortrait;
				INFOPLIST_KEY_UISupportedInterfaceOrientations_iPad = "UIInterfaceOrientationPortrait UIInterfaceOrientationPortraitUpsideDown UIInterfaceOrientationLandscapeLeft UIInterfaceOrientationLandscapeRight";
				INFOPLIST_KEY_UISupportedInterfaceOrientations_iPhone = "UIInterfaceOrientationPortrait UIInterfaceOrientationLandscapeLeft UIInterfaceOrientationLandscapeRight";
				INFOPLIST_KEY_UIUserInterfaceStyle = Light;
				IPHONEOS_DEPLOYMENT_TARGET = 14.0;
				LD_RUNPATH_SEARCH_PATHS = (
					"$(inherited)",
					"@executable_path/Frameworks",
				);
				MARKETING_VERSION = 1.0;
				PRODUCT_BUNDLE_IDENTIFIER = com.ezequielrasgido.Touchdown;
				PRODUCT_NAME = "$(TARGET_NAME)";
				SWIFT_EMIT_LOC_STRINGS = YES;
				SWIFT_VERSION = 5.0;
				TARGETED_DEVICE_FAMILY = "1,2";
			};
			name = Release;
		};
/* End XCBuildConfiguration section */

/* Begin XCConfigurationList section */
		EF2CDD4026FD3B6B00F26B92 /* Build configuration list for PBXProject "Touchdown" */ = {
			isa = XCConfigurationList;
			buildConfigurations = (
				EF2CDD5126FD3B6D00F26B92 /* Debug */,
				EF2CDD5226FD3B6D00F26B92 /* Release */,
			);
			defaultConfigurationIsVisible = 0;
			defaultConfigurationName = Release;
		};
		EF2CDD5326FD3B6D00F26B92 /* Build configuration list for PBXNativeTarget "Touchdown" */ = {
			isa = XCConfigurationList;
			buildConfigurations = (
				EF2CDD5426FD3B6D00F26B92 /* Debug */,
				EF2CDD5526FD3B6D00F26B92 /* Release */,
			);
			defaultConfigurationIsVisible = 0;
			defaultConfigurationName = Release;
		};
/* End XCConfigurationList section */
	};
	rootObject = EF2CDD3D26FD3B6B00F26B92 /* Project object */;
}
